github.com/davecgh/go-spew v1.1.1 h1:vj9j/u1bqnvCEfJOwUhtlOARqs3+rkHYY13jYWTU97c=
github.com/davecgh/go-spew v1.1.1/go.mod h1:J7Y8YcW2NihsgmVo/mv3lAwl/skON4iLHjSsI+c5H38=
github.com/graphql-go/graphql v0.7.6 h1:3Bn1IFB5OvPoANEfu03azF8aMyks0G/H6G1XeTfYbM4=
github.com/graphql-go/graphql v0.7.6/go.mod h1:k6yrAYQaSP59DC5UVxbgxESlmVyojThKdORUqGDGmrI=
github.com/pmezard/go-difflib v1.0.0 h1:4DBwDE0NGyQoBHbLQYPwSUPoCMWR5BEzIk/f1lZbAQM=
github.com/pmezard/go-difflib v1.0.0/go.mod h1:iKH77koFhYxTK1pcRnkKkqfTogsbg7gZNVY4sRDYZ/4=
github.com/seeruk/assert v1.0.0 h1:X5HWNhyTN8QdKZlPkiMnCYX/uQiX88aNRBB7a0MWScA=
github.com/seeruk/assert v1.0.0/go.mod h1:zPdXCtxwFq3Nqw15ACQFD5S0/OaH/G8Muu1u3uXzWE0=
github.com/stretchr/testify v1.2.2 h1:bSDNvY7ZPG5RlJ8otE/7V6gMiyenm9RtJ7IUVIAoJ1w=
github.com/stretchr/testify v1.2.2/go.mod h1:a8OnRcib4nhh0OaRAV+Yts87kKdq0PP7pXfy6kDkUVs=
github.com/vektah/gqlparser v0.0.0-20180831041411-14e83ae06ec1 h1:FYOXUtr3sYR9shto7Q/aQ1B0Onyk77aws9wGOORiz+I=
github.com/vektah/gqlparser v0.0.0-20180831041411-14e83ae06ec1/go.mod h1:K4QdSSpS2XiHHwzb18kWh3iBljB8rLC8okGXsnQy3Nc=
