# This file is autogenerated, do not edit; changes may be undone by the next 'dep ensure'.


[[projects]]
  digest = "1:a2c1d0e43bd3baaa071d1b9ed72c27d78169b2b269f71c105ac4ba34b1be4a39"
  name = "github.com/davecgh/go-spew"
  packages = ["spew"]
  pruneopts = "UT"
  revision = "346938d642f2ec3594ed81d874461961cd0faa76"
  version = "v1.1.0"

[[projects]]
  branch = "master"
  digest = "1:9513069d46196aab5e37c26ee2311229615d44b86eed411ab9d440fe4747928d"
  name = "github.com/graph-gophers/graphql-go"
  packages = [
    "errors",
    "internal/common",
    "internal/query",
    "internal/schema",
    "internal/validation",
    "introspection",
    "log",
    "trace",
  ]
  pruneopts = "UT"
  revision = "94da0f0031f9d30a1d56cd4b56e40852516c3301"

[[projects]]
  digest = "1:eb4f8cef1fcb6d7d9f94ec4e4d4afeccc3b75244068ea7285686a1c353bad93f"
  name = "github.com/graphql-go/graphql"
  packages = [
    "gqlerrors",
    "language/ast",
    "language/kinds",
    "language/lexer",
    "language/location",
    "language/parser",
    "language/source",
  ]
  pruneopts = "UT"
  revision = "1e23489041ba90a66f317fe0deccb236a2fff3cb"
  version = "v0.7.5"

[[projects]]
  digest = "1:450b7623b185031f3a456801155c8320209f75d0d4c4e633c6b1e59d44d6e392"
  name = "github.com/opentracing/opentracing-go"
  packages = [
    ".",
    "ext",
    "log",
  ]
  pruneopts = "UT"
  revision = "1949ddbfd147afd4d964a9f00b24eb291e0e7c38"
  version = "v1.0.2"

[[projects]]
  digest = "1:0028cb19b2e4c3112225cd871870f2d9cf49b9b4276531f03438a88e94be86fe"
  name = "github.com/pmezard/go-difflib"
  packages = ["difflib"]
  pruneopts = "UT"
  revision = "792786c7400a136282c1664665ae0a8db921c6c2"
  version = "v1.0.0"

[[projects]]
  digest = "1:5fb543d6bb0ff06342b2b296c36067d7132ca819d363fa50fe40de9d08024313"
  name = "github.com/seeruk/assert"
  packages = ["."]
  pruneopts = "UT"
  revision = "d8bd44df75261a557bbe1fe4d5b643869e82d666"
  version = "v1.0.0"

[[projects]]
  digest = "1:18752d0b95816a1b777505a97f71c7467a8445b8ffb55631a7bf779f6ba4fa83"
  name = "github.com/stretchr/testify"
  packages = ["assert"]
  pruneopts = "UT"
  revision = "f35b8ab0b5a2cef36673838d662e249dd9c94686"
  version = "v1.2.2"

[[projects]]
  branch = "master"
  digest = "1:3b4077a3ed66ee719de89b7058999a1010b1c074ba5adfa42b4351fa8df90edb"
  name = "github.com/vektah/gqlparser"
  packages = [
    "ast",
    "gqlerror",
    "lexer",
    "parser",
  ]
  pruneopts = "UT"
  revision = "04021c23cb3810632117e34c3e0e3d415a202c63"

[[projects]]
  branch = "master"
  digest = "1:76ee51c3f468493aff39dbacc401e8831fbb765104cbf613b89bef01cf4bad70"
  name = "golang.org/x/net"
  packages = ["context"]
  pruneopts = "UT"
  revision = "c39426892332e1bb5ec0a434a079bf82f5d30c54"

[solve-meta]
  analyzer-name = "dep"
  analyzer-version = 1
  input-imports = [
    "github.com/graph-gophers/graphql-go/errors",
    "github.com/graph-gophers/graphql-go/internal/common",
    "github.com/graph-gophers/graphql-go/internal/query",
    "github.com/graph-gophers/graphql-go/internal/schema",
    "github.com/graph-gophers/graphql-go/internal/validation",
    "github.com/graph-gophers/graphql-go/introspection",
    "github.com/graph-gophers/graphql-go/log",
    "github.com/graph-gophers/graphql-go/trace",
    "github.com/graphql-go/graphql/language/lexer",
    "github.com/graphql-go/graphql/language/parser",
    "github.com/graphql-go/graphql/language/source",
    "github.com/seeruk/assert",
    "github.com/stretchr/testify/assert",
    "github.com/vektah/gqlparser/ast",
    "github.com/vektah/gqlparser/lexer",
    "github.com/vektah/gqlparser/parser",
  ]
  solver-name = "gps-cdcl"
  solver-version = 1
