# This file is autogenerated, do not edit; changes may be undone by the next 'dep ensure'.


[[projects]]
  digest = "1:ffe9824d294da03b391f44e1ae8281281b4afc1bdaa9588c9097785e3af10cec"
  name = "github.com/davecgh/go-spew"
  packages = ["spew"]
  pruneopts = "UT"
  revision = "8991bc29aa16c548c550c7ff78260e27b9ab7c73"
  version = "v1.1.1"

[[projects]]
  digest = "1:3c76995e54de935a870ecfc7147b68ac36a80a7112f9877cd4c46fc88ef42db9"
  name = "github.com/graphql-go/graphql"
  packages = [
    "gqlerrors",
    "language/ast",
    "language/kinds",
    "language/lexer",
    "language/location",
    "language/parser",
    "language/source",
  ]
  pruneopts = "UT"
  revision = "5c1be0872a56fba73b279434ea95dfda735abedd"
  version = "v0.7.6"

[[projects]]
  digest = "1:0028cb19b2e4c3112225cd871870f2d9cf49b9b4276531f03438a88e94be86fe"
  name = "github.com/pmezard/go-difflib"
  packages = ["difflib"]
  pruneopts = "UT"
  revision = "792786c7400a136282c1664665ae0a8db921c6c2"
  version = "v1.0.0"

[[projects]]
  digest = "1:5fb543d6bb0ff06342b2b296c36067d7132ca819d363fa50fe40de9d08024313"
  name = "github.com/seeruk/assert"
  packages = ["."]
  pruneopts = "UT"
  revision = "d8bd44df75261a557bbe1fe4d5b643869e82d666"
  version = "v1.0.0"

[[projects]]
  digest = "1:18752d0b95816a1b777505a97f71c7467a8445b8ffb55631a7bf779f6ba4fa83"
  name = "github.com/stretchr/testify"
  packages = ["assert"]
  pruneopts = "UT"
  revision = "f35b8ab0b5a2cef36673838d662e249dd9c94686"
  version = "v1.2.2"

[[projects]]
  branch = "master"
  digest = "1:5a532cff0f66f18654db75b726670da38b98496f0766e51ac069039146a8aaa6"
  name = "github.com/vektah/gqlparser"
  packages = [
    "ast",
    "gqlerror",
    "lexer",
    "parser",
  ]
  pruneopts = "UT"
  revision = "14e83ae06ec152e6d0afb9766a00e0c0918aa8fc"

[solve-meta]
  analyzer-name = "dep"
  analyzer-version = 1
  input-imports = [
    "github.com/davecgh/go-spew/spew",
    "github.com/graphql-go/graphql/language/lexer",
    "github.com/graphql-go/graphql/language/parser",
    "github.com/graphql-go/graphql/language/source",
    "github.com/seeruk/assert",
    "github.com/stretchr/testify/assert",
    "github.com/vektah/gqlparser/ast",
    "github.com/vektah/gqlparser/lexer",
    "github.com/vektah/gqlparser/parser",
  ]
  solver-name = "gps-cdcl"
  solver-version = 1
